
Microsoft Visual Studio Solution File, Format Version 12.00
# Visual Studio Version 16
VisualStudioVersion = 16.0.30128.74
MinimumVisualStudioVersion = 10.0.40219.1
Project("{FAE04EC0-301F-11D3-BF4B-00C04F79EFBC}") = "cw11", "cw11\cw11.csproj", "{0070F330-1C18-4DA2-97CC-86DB378AA11F}"
EndProject
Global
	GlobalSection(SolutionConfigurationPlatforms) = preSolution
		Debug|Any CPU = Debug|Any CPU
		Release|Any CPU = Release|Any CPU
	EndGlobalSection
	GlobalSection(ProjectConfigurationPlatforms) = postSolution
		{0070F330-1C18-4DA2-97CC-86DB378AA11F}.Debug|Any CPU.ActiveCfg = Debug|Any CPU
		{0070F330-1C18-4DA2-97CC-86DB378AA11F}.Debug|Any CPU.Build.0 = Debug|Any CPU
		{0070F330-1C18-4DA2-97CC-86DB378AA11F}.Release|Any CPU.ActiveCfg = Release|Any CPU
		{0070F330-1C18-4DA2-97CC-86DB378AA11F}.Release|Any CPU.Build.0 = Release|Any CPU
	EndGlobalSection
	GlobalSection(SolutionProperties) = preSolution
		HideSolutionNode = FALSE
	EndGlobalSection
	GlobalSection(ExtensibilityGlobals) = postSolution
		SolutionGuid = {C5A7513E-C67B-4749-9561-5F21DE77054A}
	EndGlobalSection
EndGlobal
